#
# This file is autogenerated by pip-compile with Python 3.12
# by the following command:
#
#    pip-compile --extra=build --extra=dev --output-file=requirements.lock pyproject.toml
#
altgraph==0.17.5
    # via pyinstaller
dnspython==2.8.0
    # via clean_dns (pyproject.toml)
iniconfig==2.3.0
    # via pytest
nodeenv==1.10.0
    # via pyright
packaging==26.2
    # via
    #   pyinstaller
    #   pyinstaller-hooks-contrib
    #   pytest
pluggy==1.6.0
    # via pytest
pygments==2.20.0
    # via pytest
pyinstaller==6.20.0
    # via clean_dns (pyproject.toml)
pyinstaller-hooks-contrib==2026.5
    # via pyinstaller
pyright==1.1.409
    # via clean_dns (pyproject.toml)
pytest==9.0.3
    # via clean_dns (pyproject.toml)
typing-extensions==4.15.0
    # via pyright

# The following packages are considered to be unsafe in a requirements file:
# setuptools
